
Microsoft Visual Studio Solution File, Format Version 12.00
# Visual Studio Version 16
VisualStudioVersion = 16.0.30001.183
MinimumVisualStudioVersion = 10.0.40219.1
Project("{9A19103F-16F7-4668-BE54-9A1E7A4F7556}") = "Busfoan.Bot.Discord", "Busfoan.Bot.Discord\Busfoan.Bot.Discord.csproj", "{2BC1C739-B226-435F-8069-2974215C9292}"
EndProject
Project("{9A19103F-16F7-4668-BE54-9A1E7A4F7556}") = "Busfoan.Graphic", "Busfoan.Graphic\Busfoan.Graphic.csproj", "{D5D814D5-0DF6-4455-B8DC-2E89CE07FCFA}"
EndProject
Project("{9A19103F-16F7-4668-BE54-9A1E7A4F7556}") = "Busfoan.Graphic.Test", "Busfoan.Graphic.Test\Busfoan.Graphic.Test.csproj", "{3AC2CE87-F53F-4BB1-B79E-C22FA3BEBF6F}"
EndProject
Project("{9A19103F-16F7-4668-BE54-9A1E7A4F7556}") = "Busfoan.ImageScaler", "Busfoan.ImageScaler\Busfoan.ImageScaler.csproj", "{8ED9F396-8DF0-4446-ADBA-8008436A882F}"
EndProject
Project("{9A19103F-16F7-4668-BE54-9A1E7A4F7556}") = "Busfoan.Domain", "Busfoan.Domain\Busfoan.Domain.csproj", "{11B6A8EE-86D5-4987-8123-4DE3D8544979}"
EndProject
Global
	GlobalSection(SolutionConfigurationPlatforms) = preSolution
		Debug|Any CPU = Debug|Any CPU
		Release|Any CPU = Release|Any CPU
	EndGlobalSection
	GlobalSection(ProjectConfigurationPlatforms) = postSolution
		{2BC1C739-B226-435F-8069-2974215C9292}.Debug|Any CPU.ActiveCfg = Debug|Any CPU
		{2BC1C739-B226-435F-8069-2974215C9292}.Debug|Any CPU.Build.0 = Debug|Any CPU
		{2BC1C739-B226-435F-8069-2974215C9292}.Release|Any CPU.ActiveCfg = Release|Any CPU
		{2BC1C739-B226-435F-8069-2974215C9292}.Release|Any CPU.Build.0 = Release|Any CPU
		{D5D814D5-0DF6-4455-B8DC-2E89CE07FCFA}.Debug|Any CPU.ActiveCfg = Debug|Any CPU
		{D5D814D5-0DF6-4455-B8DC-2E89CE07FCFA}.Debug|Any CPU.Build.0 = Debug|Any CPU
		{D5D814D5-0DF6-4455-B8DC-2E89CE07FCFA}.Release|Any CPU.ActiveCfg = Release|Any CPU
		{D5D814D5-0DF6-4455-B8DC-2E89CE07FCFA}.Release|Any CPU.Build.0 = Release|Any CPU
		{3AC2CE87-F53F-4BB1-B79E-C22FA3BEBF6F}.Debug|Any CPU.ActiveCfg = Debug|Any CPU
		{3AC2CE87-F53F-4BB1-B79E-C22FA3BEBF6F}.Debug|Any CPU.Build.0 = Debug|Any CPU
		{3AC2CE87-F53F-4BB1-B79E-C22FA3BEBF6F}.Release|Any CPU.ActiveCfg = Release|Any CPU
		{3AC2CE87-F53F-4BB1-B79E-C22FA3BEBF6F}.Release|Any CPU.Build.0 = Release|Any CPU
		{8ED9F396-8DF0-4446-ADBA-8008436A882F}.Debug|Any CPU.ActiveCfg = Debug|Any CPU
		{8ED9F396-8DF0-4446-ADBA-8008436A882F}.Debug|Any CPU.Build.0 = Debug|Any CPU
		{8ED9F396-8DF0-4446-ADBA-8008436A882F}.Release|Any CPU.ActiveCfg = Release|Any CPU
		{8ED9F396-8DF0-4446-ADBA-8008436A882F}.Release|Any CPU.Build.0 = Release|Any CPU
		{11B6A8EE-86D5-4987-8123-4DE3D8544979}.Debug|Any CPU.ActiveCfg = Debug|Any CPU
		{11B6A8EE-86D5-4987-8123-4DE3D8544979}.Debug|Any CPU.Build.0 = Debug|Any CPU
		{11B6A8EE-86D5-4987-8123-4DE3D8544979}.Release|Any CPU.ActiveCfg = Release|Any CPU
		{11B6A8EE-86D5-4987-8123-4DE3D8544979}.Release|Any CPU.Build.0 = Release|Any CPU
	EndGlobalSection
	GlobalSection(SolutionProperties) = preSolution
		HideSolutionNode = FALSE
	EndGlobalSection
	GlobalSection(ExtensibilityGlobals) = postSolution
		SolutionGuid = {3821C7CC-FD9A-45FF-9C47-C6E003C2D71D}
	EndGlobalSection
EndGlobal
